
Microsoft Visual Studio Solution File, Format Version 12.00
# Visual Studio Version 16
VisualStudioVersion = 16.0.30011.22
MinimumVisualStudioVersion = 10.0.40219.1
Project("{2150E333-8FDC-42A3-9474-1A3956D46DE8}") = "01-Presentacion", "01-Presentacion", "{EEB5C3BC-1B4D-47E2-8B9A-1332080D905C}"
EndProject
Project("{2150E333-8FDC-42A3-9474-1A3956D46DE8}") = "02-Aplicacion", "02-Aplicacion", "{7BDFFCB9-825F-4432-895D-3562D70B0606}"
EndProject
Project("{2150E333-8FDC-42A3-9474-1A3956D46DE8}") = "03-Servicio", "03-Servicio", "{D6E60F8E-6247-4028-A06D-F7E5BE08675C}"
EndProject
Project("{2150E333-8FDC-42A3-9474-1A3956D46DE8}") = "04-Dominio", "04-Dominio", "{82E814F6-A5C2-4911-A23A-D3AD21649D48}"
EndProject
Project("{2150E333-8FDC-42A3-9474-1A3956D46DE8}") = "05-Infraestructura", "05-Infraestructura", "{FA0300BF-D7C0-439F-A12E-6575D742E19C}"
EndProject
Project("{FAE04EC0-301F-11D3-BF4B-00C04F79EFBC}") = "NA.Dominio.Entidades", "NA.Dominio.Entidades\NA.Dominio.Entidades.csproj", "{F38F4CC4-8A36-4920-B401-9E857337FA42}"
EndProject
Project("{FAE04EC0-301F-11D3-BF4B-00C04F79EFBC}") = "NA.Dominio.Base", "NA.Dominio.Base\NA.Dominio.Base.csproj", "{E3F2EEA6-F8C4-47A9-A9B9-4E219D2C89E6}"
EndProject
Project("{FAE04EC0-301F-11D3-BF4B-00C04F79EFBC}") = "NA.Aplicacion.Conexion", "NA.Aplicacion.Conexion\NA.Aplicacion.Conexion.csproj", "{F57F086A-1959-478A-8916-64B1D2BA3A1D}"
EndProject
Project("{FAE04EC0-301F-11D3-BF4B-00C04F79EFBC}") = "NA.Dominio.Repositorio", "NA.Dominio.Repositorio\NA.Dominio.Repositorio.csproj", "{6F30FB80-D26A-40A3-9222-80CD217ABDD1}"
EndProject
Project("{FAE04EC0-301F-11D3-BF4B-00C04F79EFBC}") = "NA.Repositorio.Base", "NA.Repositorio.Base\NA.Repositorio.Base.csproj", "{13A4BD23-28BE-4268-BF71-ACAFA68DEA59}"
EndProject
Project("{FAE04EC0-301F-11D3-BF4B-00C04F79EFBC}") = "NA.Infraestructura.Repositorio", "NA.Infraestructura.Repositorio\NA.Infraestructura.Repositorio.csproj", "{6B3A55B6-CF4D-43B3-BC74-C533B961693D}"
EndProject
Project("{FAE04EC0-301F-11D3-BF4B-00C04F79EFBC}") = "NA.Repositorio", "NA.Repositorio\NA.Repositorio.csproj", "{03446017-5918-4405-83F3-770B5DD616AE}"
EndProject
Project("{FAE04EC0-301F-11D3-BF4B-00C04F79EFBC}") = "NA.IServicio", "NA.IServicio\NA.IServicio.csproj", "{DEBC3402-6288-41E6-8D96-ED9F8C8C5453}"
EndProject
Project("{FAE04EC0-301F-11D3-BF4B-00C04F79EFBC}") = "NA.Servicio.Base", "NA.Servicio.Base\NA.Servicio.Base.csproj", "{E5A18C7D-A6E2-482F-80C9-375A591D89A0}"
EndProject
Project("{FAE04EC0-301F-11D3-BF4B-00C04F79EFBC}") = "NA.Servicio", "NA.Servicio\NA.Servicio.csproj", "{A8A695EF-397C-4095-9AB4-F3FD5AD016D4}"
EndProject
Project("{FAE04EC0-301F-11D3-BF4B-00C04F79EFBC}") = "NA.Context", "NA.Context\NA.Context.csproj", "{E3DA2A1B-D503-409D-A159-E8EACAAB754A}"
EndProject
Project("{FAE04EC0-301F-11D3-BF4B-00C04F79EFBC}") = "Nutrucion-App", "Nutrucion-App\Nutrucion-App.csproj", "{EA1082EB-85A5-42E3-90ED-823213179239}"
EndProject
Project("{FAE04EC0-301F-11D3-BF4B-00C04F79EFBC}") = "WebNutriApp", "WebNutriApp\WebNutriApp.csproj", "{27AB4A41-2DD3-4FF2-9F87-D3EFE30DE7FD}"
EndProject
Project("{FAE04EC0-301F-11D3-BF4B-00C04F79EFBC}") = "Nutricion-App-Web", "Nutricion-App-Web\Nutricion-App-Web.csproj", "{3F8AF745-F858-463D-AE8E-C1186A0BA738}"
EndProject
Global
	GlobalSection(SolutionConfigurationPlatforms) = preSolution
		Debug|Any CPU = Debug|Any CPU
		Release|Any CPU = Release|Any CPU
	EndGlobalSection
	GlobalSection(ProjectConfigurationPlatforms) = postSolution
		{F38F4CC4-8A36-4920-B401-9E857337FA42}.Debug|Any CPU.ActiveCfg = Debug|Any CPU
		{F38F4CC4-8A36-4920-B401-9E857337FA42}.Debug|Any CPU.Build.0 = Debug|Any CPU
		{F38F4CC4-8A36-4920-B401-9E857337FA42}.Release|Any CPU.ActiveCfg = Release|Any CPU
		{F38F4CC4-8A36-4920-B401-9E857337FA42}.Release|Any CPU.Build.0 = Release|Any CPU
		{E3F2EEA6-F8C4-47A9-A9B9-4E219D2C89E6}.Debug|Any CPU.ActiveCfg = Debug|Any CPU
		{E3F2EEA6-F8C4-47A9-A9B9-4E219D2C89E6}.Debug|Any CPU.Build.0 = Debug|Any CPU
		{E3F2EEA6-F8C4-47A9-A9B9-4E219D2C89E6}.Release|Any CPU.ActiveCfg = Release|Any CPU
		{E3F2EEA6-F8C4-47A9-A9B9-4E219D2C89E6}.Release|Any CPU.Build.0 = Release|Any CPU
		{F57F086A-1959-478A-8916-64B1D2BA3A1D}.Debug|Any CPU.ActiveCfg = Debug|Any CPU
		{F57F086A-1959-478A-8916-64B1D2BA3A1D}.Debug|Any CPU.Build.0 = Debug|Any CPU
		{F57F086A-1959-478A-8916-64B1D2BA3A1D}.Release|Any CPU.ActiveCfg = Release|Any CPU
		{F57F086A-1959-478A-8916-64B1D2BA3A1D}.Release|Any CPU.Build.0 = Release|Any CPU
		{6F30FB80-D26A-40A3-9222-80CD217ABDD1}.Debug|Any CPU.ActiveCfg = Debug|Any CPU
		{6F30FB80-D26A-40A3-9222-80CD217ABDD1}.Debug|Any CPU.Build.0 = Debug|Any CPU
		{6F30FB80-D26A-40A3-9222-80CD217ABDD1}.Release|Any CPU.ActiveCfg = Release|Any CPU
		{6F30FB80-D26A-40A3-9222-80CD217ABDD1}.Release|Any CPU.Build.0 = Release|Any CPU
		{13A4BD23-28BE-4268-BF71-ACAFA68DEA59}.Debug|Any CPU.ActiveCfg = Debug|Any CPU
		{13A4BD23-28BE-4268-BF71-ACAFA68DEA59}.Debug|Any CPU.Build.0 = Debug|Any CPU
		{13A4BD23-28BE-4268-BF71-ACAFA68DEA59}.Release|Any CPU.ActiveCfg = Release|Any CPU
		{13A4BD23-28BE-4268-BF71-ACAFA68DEA59}.Release|Any CPU.Build.0 = Release|Any CPU
		{6B3A55B6-CF4D-43B3-BC74-C533B961693D}.Debug|Any CPU.ActiveCfg = Debug|Any CPU
		{6B3A55B6-CF4D-43B3-BC74-C533B961693D}.Debug|Any CPU.Build.0 = Debug|Any CPU
		{6B3A55B6-CF4D-43B3-BC74-C533B961693D}.Release|Any CPU.ActiveCfg = Release|Any CPU
		{6B3A55B6-CF4D-43B3-BC74-C533B961693D}.Release|Any CPU.Build.0 = Release|Any CPU
		{03446017-5918-4405-83F3-770B5DD616AE}.Debug|Any CPU.ActiveCfg = Debug|Any CPU
		{03446017-5918-4405-83F3-770B5DD616AE}.Debug|Any CPU.Build.0 = Debug|Any CPU
		{03446017-5918-4405-83F3-770B5DD616AE}.Release|Any CPU.ActiveCfg = Release|Any CPU
		{03446017-5918-4405-83F3-770B5DD616AE}.Release|Any CPU.Build.0 = Release|Any CPU
		{DEBC3402-6288-41E6-8D96-ED9F8C8C5453}.Debug|Any CPU.ActiveCfg = Debug|Any CPU
		{DEBC3402-6288-41E6-8D96-ED9F8C8C5453}.Debug|Any CPU.Build.0 = Debug|Any CPU
		{DEBC3402-6288-41E6-8D96-ED9F8C8C5453}.Release|Any CPU.ActiveCfg = Release|Any CPU
		{DEBC3402-6288-41E6-8D96-ED9F8C8C5453}.Release|Any CPU.Build.0 = Release|Any CPU
		{E5A18C7D-A6E2-482F-80C9-375A591D89A0}.Debug|Any CPU.ActiveCfg = Debug|Any CPU
		{E5A18C7D-A6E2-482F-80C9-375A591D89A0}.Debug|Any CPU.Build.0 = Debug|Any CPU
		{E5A18C7D-A6E2-482F-80C9-375A591D89A0}.Release|Any CPU.ActiveCfg = Release|Any CPU
		{E5A18C7D-A6E2-482F-80C9-375A591D89A0}.Release|Any CPU.Build.0 = Release|Any CPU
		{A8A695EF-397C-4095-9AB4-F3FD5AD016D4}.Debug|Any CPU.ActiveCfg = Debug|Any CPU
		{A8A695EF-397C-4095-9AB4-F3FD5AD016D4}.Debug|Any CPU.Build.0 = Debug|Any CPU
		{A8A695EF-397C-4095-9AB4-F3FD5AD016D4}.Release|Any CPU.ActiveCfg = Release|Any CPU
		{A8A695EF-397C-4095-9AB4-F3FD5AD016D4}.Release|Any CPU.Build.0 = Release|Any CPU
		{E3DA2A1B-D503-409D-A159-E8EACAAB754A}.Debug|Any CPU.ActiveCfg = Debug|Any CPU
		{E3DA2A1B-D503-409D-A159-E8EACAAB754A}.Debug|Any CPU.Build.0 = Debug|Any CPU
		{E3DA2A1B-D503-409D-A159-E8EACAAB754A}.Release|Any CPU.ActiveCfg = Release|Any CPU
		{E3DA2A1B-D503-409D-A159-E8EACAAB754A}.Release|Any CPU.Build.0 = Release|Any CPU
		{EA1082EB-85A5-42E3-90ED-823213179239}.Debug|Any CPU.ActiveCfg = Debug|Any CPU
		{EA1082EB-85A5-42E3-90ED-823213179239}.Debug|Any CPU.Build.0 = Debug|Any CPU
		{EA1082EB-85A5-42E3-90ED-823213179239}.Release|Any CPU.ActiveCfg = Release|Any CPU
		{EA1082EB-85A5-42E3-90ED-823213179239}.Release|Any CPU.Build.0 = Release|Any CPU
		{27AB4A41-2DD3-4FF2-9F87-D3EFE30DE7FD}.Debug|Any CPU.ActiveCfg = Debug|Any CPU
		{27AB4A41-2DD3-4FF2-9F87-D3EFE30DE7FD}.Debug|Any CPU.Build.0 = Debug|Any CPU
		{27AB4A41-2DD3-4FF2-9F87-D3EFE30DE7FD}.Release|Any CPU.ActiveCfg = Release|Any CPU
		{27AB4A41-2DD3-4FF2-9F87-D3EFE30DE7FD}.Release|Any CPU.Build.0 = Release|Any CPU
		{3F8AF745-F858-463D-AE8E-C1186A0BA738}.Debug|Any CPU.ActiveCfg = Debug|Any CPU
		{3F8AF745-F858-463D-AE8E-C1186A0BA738}.Debug|Any CPU.Build.0 = Debug|Any CPU
		{3F8AF745-F858-463D-AE8E-C1186A0BA738}.Release|Any CPU.ActiveCfg = Release|Any CPU
		{3F8AF745-F858-463D-AE8E-C1186A0BA738}.Release|Any CPU.Build.0 = Release|Any CPU
	EndGlobalSection
	GlobalSection(SolutionProperties) = preSolution
		HideSolutionNode = FALSE
	EndGlobalSection
	GlobalSection(NestedProjects) = preSolution
		{F38F4CC4-8A36-4920-B401-9E857337FA42} = {82E814F6-A5C2-4911-A23A-D3AD21649D48}
		{E3F2EEA6-F8C4-47A9-A9B9-4E219D2C89E6} = {82E814F6-A5C2-4911-A23A-D3AD21649D48}
		{F57F086A-1959-478A-8916-64B1D2BA3A1D} = {7BDFFCB9-825F-4432-895D-3562D70B0606}
		{6F30FB80-D26A-40A3-9222-80CD217ABDD1} = {82E814F6-A5C2-4911-A23A-D3AD21649D48}
		{13A4BD23-28BE-4268-BF71-ACAFA68DEA59} = {82E814F6-A5C2-4911-A23A-D3AD21649D48}
		{6B3A55B6-CF4D-43B3-BC74-C533B961693D} = {FA0300BF-D7C0-439F-A12E-6575D742E19C}
		{03446017-5918-4405-83F3-770B5DD616AE} = {FA0300BF-D7C0-439F-A12E-6575D742E19C}
		{DEBC3402-6288-41E6-8D96-ED9F8C8C5453} = {D6E60F8E-6247-4028-A06D-F7E5BE08675C}
		{E5A18C7D-A6E2-482F-80C9-375A591D89A0} = {D6E60F8E-6247-4028-A06D-F7E5BE08675C}
		{A8A695EF-397C-4095-9AB4-F3FD5AD016D4} = {D6E60F8E-6247-4028-A06D-F7E5BE08675C}
		{E3DA2A1B-D503-409D-A159-E8EACAAB754A} = {FA0300BF-D7C0-439F-A12E-6575D742E19C}
		{EA1082EB-85A5-42E3-90ED-823213179239} = {EEB5C3BC-1B4D-47E2-8B9A-1332080D905C}
		{27AB4A41-2DD3-4FF2-9F87-D3EFE30DE7FD} = {EEB5C3BC-1B4D-47E2-8B9A-1332080D905C}
		{3F8AF745-F858-463D-AE8E-C1186A0BA738} = {EEB5C3BC-1B4D-47E2-8B9A-1332080D905C}
	EndGlobalSection
	GlobalSection(ExtensibilityGlobals) = postSolution
		SolutionGuid = {7C6DC844-1297-4679-B1A2-29BAABDA8155}
	EndGlobalSection
EndGlobal
